
Microsoft Visual Studio Solution File, Format Version 12.00
# Visual Studio Version 16
VisualStudioVersion = 16.0.30320.27
MinimumVisualStudioVersion = 10.0.40219.1
Project("{FAE04EC0-301F-11D3-BF4B-00C04F79EFBC}") = "SharpEcs", "SharpEcs\SharpEcs.csproj", "{5C2DCDFF-2721-43F6-95AD-69BC9FC03359}"
EndProject
Global
	GlobalSection(SolutionConfigurationPlatforms) = preSolution
		Debug|x64 = Debug|x64
		Release|x64 = Release|x64
	EndGlobalSection
	GlobalSection(ProjectConfigurationPlatforms) = postSolution
		{5C2DCDFF-2721-43F6-95AD-69BC9FC03359}.Debug|x64.ActiveCfg = Debug|x64
		{5C2DCDFF-2721-43F6-95AD-69BC9FC03359}.Debug|x64.Build.0 = Debug|x64
		{5C2DCDFF-2721-43F6-95AD-69BC9FC03359}.Release|x64.ActiveCfg = Release|x64
		{5C2DCDFF-2721-43F6-95AD-69BC9FC03359}.Release|x64.Build.0 = Release|x64
	EndGlobalSection
	GlobalSection(SolutionProperties) = preSolution
		HideSolutionNode = FALSE
	EndGlobalSection
	GlobalSection(ExtensibilityGlobals) = postSolution
		SolutionGuid = {2EBEB99D-2A15-4185-8B65-34E122FB72A8}
	EndGlobalSection
EndGlobal
